
Microsoft Visual Studio Solution File, Format Version 12.00
# Visual Studio Version 16
VisualStudioVersion = 16.0.29324.140
MinimumVisualStudioVersion = 10.0.40219.1
Project("{9A19103F-16F7-4668-BE54-9A1E7A4F7556}") = "Net30Ver", "Net30Ver\Net30Ver.csproj", "{8E057665-3289-486C-8A74-57210DF4AD6D}"
EndProject
Project("{2150E333-8FDC-42A3-9474-1A3956D46DE8}") = "Solution Items", "Solution Items", "{032180CB-5D32-4649-9B9E-68FB59D5B17A}"
	ProjectSection(SolutionItems) = preProject
		CommonClasses.cs = CommonClasses.cs
		CommonTests.cs = CommonTests.cs
	EndProjectSection
EndProject
Project("{9A19103F-16F7-4668-BE54-9A1E7A4F7556}") = "Net21Ver", "Net21Ver\Net21Ver.csproj", "{80338A9B-5777-4727-B0AA-6D7A3D1A992A}"
EndProject
Global
	GlobalSection(SolutionConfigurationPlatforms) = preSolution
		Debug|Any CPU = Debug|Any CPU
		Release|Any CPU = Release|Any CPU
	EndGlobalSection
	GlobalSection(ProjectConfigurationPlatforms) = postSolution
		{8E057665-3289-486C-8A74-57210DF4AD6D}.Debug|Any CPU.ActiveCfg = Debug|Any CPU
		{8E057665-3289-486C-8A74-57210DF4AD6D}.Debug|Any CPU.Build.0 = Debug|Any CPU
		{8E057665-3289-486C-8A74-57210DF4AD6D}.Release|Any CPU.ActiveCfg = Release|Any CPU
		{8E057665-3289-486C-8A74-57210DF4AD6D}.Release|Any CPU.Build.0 = Release|Any CPU
		{80338A9B-5777-4727-B0AA-6D7A3D1A992A}.Debug|Any CPU.ActiveCfg = Debug|Any CPU
		{80338A9B-5777-4727-B0AA-6D7A3D1A992A}.Debug|Any CPU.Build.0 = Debug|Any CPU
		{80338A9B-5777-4727-B0AA-6D7A3D1A992A}.Release|Any CPU.ActiveCfg = Release|Any CPU
		{80338A9B-5777-4727-B0AA-6D7A3D1A992A}.Release|Any CPU.Build.0 = Release|Any CPU
	EndGlobalSection
	GlobalSection(SolutionProperties) = preSolution
		HideSolutionNode = FALSE
	EndGlobalSection
	GlobalSection(ExtensibilityGlobals) = postSolution
		SolutionGuid = {1A1E649F-A1E1-49FF-AF71-4B2BC51A108F}
	EndGlobalSection
EndGlobal
